{
  "name": "name-alignment-bats",
  "lockfileVersion": 2,
  "requires": true,
  "packages": {
    "": {
      "dependencies": {
        "scale-color-perceptual": "^1.1.2"
      }
    },
    "node_modules/scale-color-perceptual": {
      "version": "1.1.2",
      "resolved": "https://registry.npmjs.org/scale-color-perceptual/-/scale-color-perceptual-1.1.2.tgz",
      "integrity": "sha512-xuadE0xPnV+maBOLTl4ZcN0tGeBiU8ucRlLTIv74t/9dMEr3tiCAW+WfHePZ/JI3d452+kPvNmW6i3ty15iiIw=="
    }
  },
  "dependencies": {
    "scale-color-perceptual": {
      "version": "1.1.2",
      "resolved": "https://registry.npmjs.org/scale-color-perceptual/-/scale-color-perceptual-1.1.2.tgz",
      "integrity": "sha512-xuadE0xPnV+maBOLTl4ZcN0tGeBiU8ucRlLTIv74t/9dMEr3tiCAW+WfHePZ/JI3d452+kPvNmW6i3ty15iiIw=="
    }
  }
}
